
Microsoft Visual Studio Solution File, Format Version 12.00
# Visual Studio Version 17
VisualStudioVersion = 17.11.35327.3
MinimumVisualStudioVersion = 10.0.40219.1
Project("{9A19103F-16F7-4668-BE54-9A1E7A4F7556}") = "ClancySafeAI.API", "ClancySafeAI.API\ClancySafeAI.API.csproj", "{EC271723-316B-4EB5-AB37-0AC5B300DC28}"
EndProject
Project("{9A19103F-16F7-4668-BE54-9A1E7A4F7556}") = "ClancySafeAI.Core", "ClancySafeAI.Core\ClancySafeAI.Core.csproj", "{2B46893D-3C16-49EB-96D8-02893E74EABF}"
EndProject
Project("{9A19103F-16F7-4668-BE54-9A1E7A4F7556}") = "ClancySafeAI.Tests", "ClancySafeAI.Tests\ClancySafeAI.Tests.csproj", "{49A2A714-32DE-42A9-90D6-007134291D5B}"
EndProject
Project("{9A19103F-16F7-4668-BE54-9A1E7A4F7556}") = "ClancySafeAI.Client.Server", "ClancySafeAI.Client\ClancySafeAI.Client.Server\ClancySafeAI.Client.Server.csproj", "{DA773864-6F05-4370-BC02-368CA8F94469}"
EndProject
Project("{54A90642-561A-4BB1-A94E-469ADEE60C69}") = "clancysafeai.client.client", "ClancySafeAI.Client\clancysafeai.client.client\clancysafeai.client.client.esproj", "{D1B126F4-1D48-4B6E-BFD0-8415A43F04F4}"
EndProject
Project("{FAE04EC0-301F-11D3-BF4B-00C04F79EFBC}") = "Curser Instructions", "Curser Instructions\Curser Instructions.csproj", "{2CE9E91A-4049-46F2-8B9D-8343200CA3B3}"
EndProject
Project("{9A19103F-16F7-4668-BE54-9A1E7A4F7556}") = "ClancySafeAI.Infrastructure", "ClancySafeAI.Infrastructure\ClancySafeAI.Infrastructure.csproj", "{21FD1004-A618-4746-82C0-9848375F3ACA}"
EndProject
Global
	GlobalSection(SolutionConfigurationPlatforms) = preSolution
		Debug|Any CPU = Debug|Any CPU
		Release|Any CPU = Release|Any CPU
	EndGlobalSection
	GlobalSection(ProjectConfigurationPlatforms) = postSolution
		{EC271723-316B-4EB5-AB37-0AC5B300DC28}.Debug|Any CPU.ActiveCfg = Debug|Any CPU
		{EC271723-316B-4EB5-AB37-0AC5B300DC28}.Debug|Any CPU.Build.0 = Debug|Any CPU
		{EC271723-316B-4EB5-AB37-0AC5B300DC28}.Release|Any CPU.ActiveCfg = Release|Any CPU
		{EC271723-316B-4EB5-AB37-0AC5B300DC28}.Release|Any CPU.Build.0 = Release|Any CPU
		{2B46893D-3C16-49EB-96D8-02893E74EABF}.Debug|Any CPU.ActiveCfg = Debug|Any CPU
		{2B46893D-3C16-49EB-96D8-02893E74EABF}.Debug|Any CPU.Build.0 = Debug|Any CPU
		{2B46893D-3C16-49EB-96D8-02893E74EABF}.Release|Any CPU.ActiveCfg = Release|Any CPU
		{2B46893D-3C16-49EB-96D8-02893E74EABF}.Release|Any CPU.Build.0 = Release|Any CPU
		{49A2A714-32DE-42A9-90D6-007134291D5B}.Debug|Any CPU.ActiveCfg = Debug|Any CPU
		{49A2A714-32DE-42A9-90D6-007134291D5B}.Debug|Any CPU.Build.0 = Debug|Any CPU
		{49A2A714-32DE-42A9-90D6-007134291D5B}.Release|Any CPU.ActiveCfg = Release|Any CPU
		{49A2A714-32DE-42A9-90D6-007134291D5B}.Release|Any CPU.Build.0 = Release|Any CPU
		{DA773864-6F05-4370-BC02-368CA8F94469}.Debug|Any CPU.ActiveCfg = Debug|Any CPU
		{DA773864-6F05-4370-BC02-368CA8F94469}.Debug|Any CPU.Build.0 = Debug|Any CPU
		{DA773864-6F05-4370-BC02-368CA8F94469}.Release|Any CPU.ActiveCfg = Release|Any CPU
		{DA773864-6F05-4370-BC02-368CA8F94469}.Release|Any CPU.Build.0 = Release|Any CPU
		{D1B126F4-1D48-4B6E-BFD0-8415A43F04F4}.Debug|Any CPU.ActiveCfg = Debug|Any CPU
		{D1B126F4-1D48-4B6E-BFD0-8415A43F04F4}.Debug|Any CPU.Build.0 = Debug|Any CPU
		{D1B126F4-1D48-4B6E-BFD0-8415A43F04F4}.Debug|Any CPU.Deploy.0 = Debug|Any CPU
		{D1B126F4-1D48-4B6E-BFD0-8415A43F04F4}.Release|Any CPU.ActiveCfg = Release|Any CPU
		{D1B126F4-1D48-4B6E-BFD0-8415A43F04F4}.Release|Any CPU.Build.0 = Release|Any CPU
		{D1B126F4-1D48-4B6E-BFD0-8415A43F04F4}.Release|Any CPU.Deploy.0 = Release|Any CPU
		{2CE9E91A-4049-46F2-8B9D-8343200CA3B3}.Debug|Any CPU.ActiveCfg = Debug|Any CPU
		{2CE9E91A-4049-46F2-8B9D-8343200CA3B3}.Debug|Any CPU.Build.0 = Debug|Any CPU
		{2CE9E91A-4049-46F2-8B9D-8343200CA3B3}.Release|Any CPU.ActiveCfg = Release|Any CPU
		{2CE9E91A-4049-46F2-8B9D-8343200CA3B3}.Release|Any CPU.Build.0 = Release|Any CPU
		{21FD1004-A618-4746-82C0-9848375F3ACA}.Debug|Any CPU.ActiveCfg = Debug|Any CPU
		{21FD1004-A618-4746-82C0-9848375F3ACA}.Debug|Any CPU.Build.0 = Debug|Any CPU
		{21FD1004-A618-4746-82C0-9848375F3ACA}.Release|Any CPU.ActiveCfg = Release|Any CPU
		{21FD1004-A618-4746-82C0-9848375F3ACA}.Release|Any CPU.Build.0 = Release|Any CPU
	EndGlobalSection
	GlobalSection(SolutionProperties) = preSolution
		HideSolutionNode = FALSE
	EndGlobalSection
	GlobalSection(ExtensibilityGlobals) = postSolution
		SolutionGuid = {73EBFD23-993C-4DD3-881C-144EC6221B51}
	EndGlobalSection
EndGlobal
